# This file is automatically @generated by Poetry 1.4.2 and should not be changed by hand.

[[package]]
name = "certifi"
version = "2018.11.29"
description = "Python package for providing Mozilla's CA Bundle."
category = "main"
optional = false
python-versions = "*"
files = [
    {file = "certifi-2018.11.29-py2.py3-none-any.whl", hash = "sha256:993f830721089fef441cdfeb4b2c8c9df86f0c63239f06bd025a76a7daddb033"},
    {file = "certifi-2018.11.29.tar.gz", hash = "sha256:47f9c83ef4c0c621eaef743f133f09fa8a74a9b75f037e8624f83bd1b6626cb7"},
]

[[package]]
name = "chardet"
version = "3.0.4"
description = "Universal encoding detector for Python 2 and 3"
category = "main"
optional = false
python-versions = "*"
files = [
    {file = "chardet-3.0.4-py2.py3-none-any.whl", hash = "sha256:fc323ffcaeaed0e0a02bf4d117757b98aed530d9ed4531e3e15460124c106691"},
    {file = "chardet-3.0.4.tar.gz", hash = "sha256:84ab92ed1c4d4f16916e05906b6b75a6c0fb5db821cc65e70cbd64a3e2a5eaae"},
]

[[package]]
name = "coverage"
version = "7.2.5"
description = "Code coverage measurement for Python"
category = "main"
optional = false
python-versions = ">=3.7"
files = [
    {file = "coverage-7.2.5-cp310-cp310-macosx_10_9_x86_64.whl", hash = "sha256:883123d0bbe1c136f76b56276074b0c79b5817dd4238097ffa64ac67257f4b6c"},
    {file = "coverage-7.2.5-cp310-cp310-macosx_11_0_arm64.whl", hash = "sha256:d2fbc2a127e857d2f8898aaabcc34c37771bf78a4d5e17d3e1f5c30cd0cbc62a"},
    {file = "coverage-7.2.5-cp310-cp310-manylinux_2_17_aarch64.manylinux2014_aarch64.whl", hash = "sha256:5f3671662dc4b422b15776cdca89c041a6349b4864a43aa2350b6b0b03bbcc7f"},
    {file = "coverage-7.2.5-cp310-cp310-manylinux_2_5_i686.manylinux1_i686.manylinux_2_17_i686.manylinux2014_i686.whl", hash = "sha256:780551e47d62095e088f251f5db428473c26db7829884323e56d9c0c3118791a"},
    {file = "coverage-7.2.5-cp310-cp310-manylinux_2_5_x86_64.manylinux1_x86_64.manylinux_2_17_x86_64.manylinux2014_x86_64.whl", hash = "sha256:066b44897c493e0dcbc9e6a6d9f8bbb6607ef82367cf6810d387c09f0cd4fe9a"},
    {file = "coverage-7.2.5-cp310-cp310-musllinux_1_1_aarch64.whl", hash = "sha256:b9a4ee55174b04f6af539218f9f8083140f61a46eabcaa4234f3c2a452c4ed11"},
    {file = "coverage-7.2.5-cp310-cp310-musllinux_1_1_i686.whl", hash = "sha256:706ec567267c96717ab9363904d846ec009a48d5f832140b6ad08aad3791b1f5"},
    {file = "coverage-7.2.5-cp310-cp310-musllinux_1_1_x86_64.whl", hash = "sha256:ae453f655640157d76209f42c62c64c4d4f2c7f97256d3567e3b439bd5c9b06c"},
    {file = "coverage-7.2.5-cp310-cp310-win32.whl", hash = "sha256:f81c9b4bd8aa747d417407a7f6f0b1469a43b36a85748145e144ac4e8d303cb5"},
    {file = "coverage-7.2.5-cp310-cp310-win_amd64.whl", hash = "sha256:dc945064a8783b86fcce9a0a705abd7db2117d95e340df8a4333f00be5efb64c"},
    {file = "coverage-7.2.5-cp311-cp311-macosx_10_9_x86_64.whl", hash = "sha256:40cc0f91c6cde033da493227797be2826cbf8f388eaa36a0271a97a332bfd7ce"},
    {file = "coverage-7.2.5-cp311-cp311-macosx_11_0_arm64.whl", hash = "sha256:a66e055254a26c82aead7ff420d9fa8dc2da10c82679ea850d8feebf11074d88"},
    {file = "coverage-7.2.5-cp311-cp311-manylinux_2_17_aarch64.manylinux2014_aarch64.whl", hash = "sha256:c10fbc8a64aa0f3ed136b0b086b6b577bc64d67d5581acd7cc129af52654384e"},
    {file = "coverage-7.2.5-cp311-cp311-manylinux_2_5_i686.manylinux1_i686.manylinux_2_17_i686.manylinux2014_i686.whl", hash = "sha256:9a22cbb5ede6fade0482111fa7f01115ff04039795d7092ed0db43522431b4f2"},
    {file = "coverage-7.2.5-cp311-cp311-manylinux_2_5_x86_64.manylinux1_x86_64.manylinux_2_17_x86_64.manylinux2014_x86_64.whl", hash = "sha256:292300f76440651529b8ceec283a9370532f4ecba9ad67d120617021bb5ef139"},
    {file = "coverage-7.2.5-cp311-cp311-musllinux_1_1_aarch64.whl", hash = "sha256:7ff8f3fb38233035028dbc93715551d81eadc110199e14bbbfa01c5c4a43f8d8"},
    {file = "coverage-7.2.5-cp311-cp311-musllinux_1_1_i686.whl", hash = "sha256:a08c7401d0b24e8c2982f4e307124b671c6736d40d1c39e09d7a8687bddf83ed"},
    {file = "coverage-7.2.5-cp311-cp311-musllinux_1_1_x86_64.whl", hash = "sha256:ef9659d1cda9ce9ac9585c045aaa1e59223b143f2407db0eaee0b61a4f266fb6"},
    {file = "coverage-7.2.5-cp311-cp311-win32.whl", hash = "sha256:30dcaf05adfa69c2a7b9f7dfd9f60bc8e36b282d7ed25c308ef9e114de7fc23b"},
    {file = "coverage-7.2.5-cp311-cp311-win_amd64.whl", hash = "sha256:97072cc90f1009386c8a5b7de9d4fc1a9f91ba5ef2146c55c1f005e7b5c5e068"},
    {file = "coverage-7.2.5-cp37-cp37m-macosx_10_9_x86_64.whl", hash = "sha256:bebea5f5ed41f618797ce3ffb4606c64a5de92e9c3f26d26c2e0aae292f015c1"},
    {file = "coverage-7.2.5-cp37-cp37m-manylinux_2_17_aarch64.manylinux2014_aarch64.whl", hash = "sha256:828189fcdda99aae0d6bf718ea766b2e715eabc1868670a0a07bf8404bf58c33"},
    {file = "coverage-7.2.5-cp37-cp37m-manylinux_2_5_i686.manylinux1_i686.manylinux_2_17_i686.manylinux2014_i686.whl", hash = "sha256:6e8a95f243d01ba572341c52f89f3acb98a3b6d1d5d830efba86033dd3687ade"},
    {file = "coverage-7.2.5-cp37-cp37m-manylinux_2_5_x86_64.manylinux1_x86_64.manylinux_2_17_x86_64.manylinux2014_x86_64.whl", hash = "sha256:e8834e5f17d89e05697c3c043d3e58a8b19682bf365048837383abfe39adaed5"},
    {file = "coverage-7.2.5-cp37-cp37m-musllinux_1_1_aarch64.whl", hash = "sha256:d1f25ee9de21a39b3a8516f2c5feb8de248f17da7eead089c2e04aa097936b47"},
    {file = "coverage-7.2.5-cp37-cp37m-musllinux_1_1_i686.whl", hash = "sha256:1637253b11a18f453e34013c665d8bf15904c9e3c44fbda34c643fbdc9d452cd"},
    {file = "coverage-7.2.5-cp37-cp37m-musllinux_1_1_x86_64.whl", hash = "sha256:8e575a59315a91ccd00c7757127f6b2488c2f914096077c745c2f1ba5b8c0969"},
    {file = "coverage-7.2.5-cp37-cp37m-win32.whl", hash = "sha256:509ecd8334c380000d259dc66feb191dd0a93b21f2453faa75f7f9cdcefc0718"},
    {file = "coverage-7.2.5-cp37-cp37m-win_amd64.whl", hash = "sha256:12580845917b1e59f8a1c2ffa6af6d0908cb39220f3019e36c110c943dc875b0"},
    {file = "coverage-7.2.5-cp38-cp38-macosx_10_9_x86_64.whl", hash = "sha256:b5016e331b75310610c2cf955d9f58a9749943ed5f7b8cfc0bb89c6134ab0a84"},
    {file = "coverage-7.2.5-cp38-cp38-macosx_11_0_arm64.whl", hash = "sha256:373ea34dca98f2fdb3e5cb33d83b6d801007a8074f992b80311fc589d3e6b790"},
    {file = "coverage-7.2.5-cp38-cp38-manylinux_2_17_aarch64.manylinux2014_aarch64.whl", hash = "sha256:a063aad9f7b4c9f9da7b2550eae0a582ffc7623dca1c925e50c3fbde7a579771"},
    {file = "coverage-7.2.5-cp38-cp38-manylinux_2_5_i686.manylinux1_i686.manylinux_2_17_i686.manylinux2014_i686.whl", hash = "sha256:38c0a497a000d50491055805313ed83ddba069353d102ece8aef5d11b5faf045"},
    {file = "coverage-7.2.5-cp38-cp38-manylinux_2_5_x86_64.manylinux1_x86_64.manylinux_2_17_x86_64.manylinux2014_x86_64.whl", hash = "sha256:a2b3b05e22a77bb0ae1a3125126a4e08535961c946b62f30985535ed40e26614"},
    {file = "coverage-7.2.5-cp38-cp38-musllinux_1_1_aarch64.whl", hash = "sha256:0342a28617e63ad15d96dca0f7ae9479a37b7d8a295f749c14f3436ea59fdcb3"},
    {file = "coverage-7.2.5-cp38-cp38-musllinux_1_1_i686.whl", hash = "sha256:cf97ed82ca986e5c637ea286ba2793c85325b30f869bf64d3009ccc1a31ae3fd"},
    {file = "coverage-7.2.5-cp38-cp38-musllinux_1_1_x86_64.whl", hash = "sha256:c2c41c1b1866b670573657d584de413df701f482574bad7e28214a2362cb1fd1"},
    {file = "coverage-7.2.5-cp38-cp38-win32.whl", hash = "sha256:10b15394c13544fce02382360cab54e51a9e0fd1bd61ae9ce012c0d1e103c813"},
    {file = "coverage-7.2.5-cp38-cp38-win_amd64.whl", hash = "sha256:a0b273fe6dc655b110e8dc89b8ec7f1a778d78c9fd9b4bda7c384c8906072212"},
    {file = "coverage-7.2.5-cp39-cp39-macosx_10_9_x86_64.whl", hash = "sha256:5c587f52c81211d4530fa6857884d37f514bcf9453bdeee0ff93eaaf906a5c1b"},
    {file = "coverage-7.2.5-cp39-cp39-macosx_11_0_arm64.whl", hash = "sha256:4436cc9ba5414c2c998eaedee5343f49c02ca93b21769c5fdfa4f9d799e84200"},
    {file = "coverage-7.2.5-cp39-cp39-manylinux_2_17_aarch64.manylinux2014_aarch64.whl", hash = "sha256:6599bf92f33ab041e36e06d25890afbdf12078aacfe1f1d08c713906e49a3fe5"},
    {file = "coverage-7.2.5-cp39-cp39-manylinux_2_5_i686.manylinux1_i686.manylinux_2_17_i686.manylinux2014_i686.whl", hash = "sha256:857abe2fa6a4973f8663e039ead8d22215d31db613ace76e4a98f52ec919068e"},
    {file = "coverage-7.2.5-cp39-cp39-manylinux_2_5_x86_64.manylinux1_x86_64.manylinux_2_17_x86_64.manylinux2014_x86_64.whl", hash = "sha256:f6f5cab2d7f0c12f8187a376cc6582c477d2df91d63f75341307fcdcb5d60303"},
    {file = "coverage-7.2.5-cp39-cp39-musllinux_1_1_aarch64.whl", hash = "sha256:aa387bd7489f3e1787ff82068b295bcaafbf6f79c3dad3cbc82ef88ce3f48ad3"},
    {file = "coverage-7.2.5-cp39-cp39-musllinux_1_1_i686.whl", hash = "sha256:156192e5fd3dbbcb11cd777cc469cf010a294f4c736a2b2c891c77618cb1379a"},
    {file = "coverage-7.2.5-cp39-cp39-musllinux_1_1_x86_64.whl", hash = "sha256:bd3b4b8175c1db502adf209d06136c000df4d245105c8839e9d0be71c94aefe1"},
    {file = "coverage-7.2.5-cp39-cp39-win32.whl", hash = "sha256:ddc5a54edb653e9e215f75de377354e2455376f416c4378e1d43b08ec50acc31"},
    {file = "coverage-7.2.5-cp39-cp39-win_amd64.whl", hash = "sha256:338aa9d9883aaaad53695cb14ccdeb36d4060485bb9388446330bef9c361c252"},
    {file = "coverage-7.2.5-pp37.pp38.pp39-none-any.whl", hash = "sha256:8877d9b437b35a85c18e3c6499b23674684bf690f5d96c1006a1ef61f9fdf0f3"},
    {file = "coverage-7.2.5.tar.gz", hash = "sha256:f99ef080288f09ffc687423b8d60978cf3a465d3f404a18d1a05474bd8575a47"},
]

[package.extras]
toml = ["tomli"]

[[package]]
name = "datadog"
version = "0.26.0"
description = "The Datadog Python library"
category = "main"
optional = false
python-versions = "*"
files = [
    {file = "datadog-0.26.0.tar.gz", hash = "sha256:cbaa6b4b2b88fd552605e6730f60d5437017bb76d6b701432eaafbc983735b79"},
]

[package.dependencies]
decorator = ">=3.3.2"
requests = ">=2.6.0"

[[package]]
name = "decorator"
version = "4.3.0"
description = "Better living through Python with decorators"
category = "main"
optional = false
python-versions = "*"
files = [
    {file = "decorator-4.3.0-py2.py3-none-any.whl", hash = "sha256:2c51dff8ef3c447388fe5e4453d24a2bf128d3a4c32af3fabef1f01c6851ab82"},
    {file = "decorator-4.3.0.tar.gz", hash = "sha256:c39efa13fbdeb4506c476c9b3babf6a718da943dab7811c206005a4a956c080c"},
]

[[package]]
name = "idna"
version = "2.8"
description = "Internationalized Domain Names in Applications (IDNA)"
category = "main"
optional = false
python-versions = ">=2.7, !=3.0.*, !=3.1.*, !=3.2.*, !=3.3.*"
files = [
    {file = "idna-2.8-py2.py3-none-any.whl", hash = "sha256:ea8b7f6188e6fa117537c3df7da9fc686d485087abf6ac197f9c46432f7e4a3c"},
    {file = "idna-2.8.tar.gz", hash = "sha256:c357b3f628cf53ae2c4c05627ecc484553142ca23264e593d327bcde5e9c3407"},
]

[[package]]
name = "mock"
version = "5.0.2"
description = "Rolling backport of unittest.mock for all Pythons"
category = "main"
optional = false
python-versions = ">=3.6"
files = [
    {file = "mock-5.0.2-py3-none-any.whl", hash = "sha256:0e0bc5ba78b8db3667ad636d964eb963dc97a59f04c6f6214c5f0e4a8f726c56"},
    {file = "mock-5.0.2.tar.gz", hash = "sha256:06f18d7d65b44428202b145a9a36e99c2ee00d1eb992df0caf881d4664377891"},
]

[package.extras]
build = ["blurb", "twine", "wheel"]
docs = ["sphinx"]
test = ["pytest", "pytest-cov"]

[[package]]
name = "nose"
version = "1.3.7"
description = "nose extends unittest to make testing easier"
category = "main"
optional = false
python-versions = "*"
files = [
    {file = "nose-1.3.7-py2-none-any.whl", hash = "sha256:dadcddc0aefbf99eea214e0f1232b94f2fa9bd98fa8353711dacb112bfcbbb2a"},
    {file = "nose-1.3.7-py3-none-any.whl", hash = "sha256:9ff7c6cc443f8c51994b34a667bbcf45afd6d945be7477b52e97516fd17c53ac"},
    {file = "nose-1.3.7.tar.gz", hash = "sha256:f1bffef9cbc82628f6e7d7b40d7e255aefaa1adb6a1b1d26c69a8b79e6208a98"},
]

[[package]]
name = "pytz"
version = "2019.3"
description = "World timezone definitions, modern and historical"
category = "main"
optional = false
python-versions = "*"
files = [
    {file = "pytz-2019.3-py2.py3-none-any.whl", hash = "sha256:1c557d7d0e871de1f5ccd5833f60fb2550652da6be2693c1e02300743d21500d"},
    {file = "pytz-2019.3.tar.gz", hash = "sha256:b02c06db6cf09c12dd25137e563b31700d3b80fcc4ad23abb7a315f2789819be"},
]

[[package]]
name = "requests"
version = "2.21.0"
description = "Python HTTP for Humans."
category = "main"
optional = false
python-versions = ">=2.7, !=3.0.*, !=3.1.*, !=3.2.*, !=3.3.*"
files = [
    {file = "requests-2.21.0-py2.py3-none-any.whl", hash = "sha256:7bf2a778576d825600030a110f3c0e3e8edc51dfaafe1c146e39a2027784957b"},
    {file = "requests-2.21.0.tar.gz", hash = "sha256:502a824f31acdacb3a35b6690b5fbf0bc41d63a24a45c4004352b0242707598e"},
]

[package.dependencies]
certifi = ">=2017.4.17"
chardet = ">=3.0.2,<3.1.0"
idna = ">=2.5,<2.9"
urllib3 = ">=1.21.1,<1.25"

[package.extras]
security = ["cryptography (>=1.3.4)", "idna (>=2.0.0)", "pyOpenSSL (>=0.14)"]
socks = ["PySocks (>=1.5.6,!=1.5.7)", "win-inet-pton"]

[[package]]
name = "simplejson"
version = "3.16.0"
description = "Simple, fast, extensible JSON encoder/decoder for Python"
category = "main"
optional = false
python-versions = "*"
files = [
    {file = "simplejson-3.16.0-cp27-cp27m-macosx_10_12_x86_64.whl", hash = "sha256:6c3258ffff58712818a233b9737fe4be943d306c40cf63d14ddc82ba563f483a"},
    {file = "simplejson-3.16.0-cp27-cp27m-win32.whl", hash = "sha256:2fc546e6af49fb45b93bbe878dea4c48edc34083729c0abd09981fe55bdf7f91"},
    {file = "simplejson-3.16.0-cp27-cp27m-win_amd64.whl", hash = "sha256:3b919fc9cf508f13b929a9b274c40786036b31ad28657819b3b9ba44ba651f50"},
    {file = "simplejson-3.16.0-cp33-cp33m-win32.whl", hash = "sha256:3af610ee72efbe644e19d5eaad575c73fb83026192114e5f6719f4901097fce2"},
    {file = "simplejson-3.16.0-cp33-cp33m-win_amd64.whl", hash = "sha256:fb2530b53c28f0d4d84990e945c2ebb470edb469d63e389bf02ff409012fe7c5"},
    {file = "simplejson-3.16.0-cp34-cp34m-win32.whl", hash = "sha256:37e685986cf6f8144607f90340cff72d36acf654f3653a6c47b84c5c38d00df7"},
    {file = "simplejson-3.16.0-cp34-cp34m-win_amd64.whl", hash = "sha256:ee9625fc8ee164902dfbb0ff932b26df112da9f871c32f0f9c1bcf20c350fe2a"},
    {file = "simplejson-3.16.0-cp35-cp35m-macosx_10_12_x86_64.whl", hash = "sha256:354fa32b02885e6dae925f1b5bbf842c333c1e11ea5453ddd67309dc31fdb40a"},
    {file = "simplejson-3.16.0-cp35-cp35m-win32.whl", hash = "sha256:3dd289368bbd064974d9a5961101f080e939cbe051e6689a193c99fb6e9ac89b"},
    {file = "simplejson-3.16.0-cp35-cp35m-win_amd64.whl", hash = "sha256:067a7177ddfa32e1483ba5169ebea1bc2ea27f224853211ca669325648ca5642"},
    {file = "simplejson-3.16.0-cp36-cp36m-win_amd64.whl", hash = "sha256:75e3f0b12c28945c08f54350d91e624f8dd580ab74fd4f1bbea54bc6b0165610"},
    {file = "simplejson-3.16.0.tar.gz", hash = "sha256:b1f329139ba647a9548aa05fb95d046b4a677643070dc2afc05fa2e975d09ca5"},
]

[[package]]
name = "urllib3"
version = "1.24.2"
description = "HTTP library with thread-safe connection pooling, file post, and more."
category = "main"
optional = false
python-versions = ">=2.7, !=3.0.*, !=3.1.*, !=3.2.*, !=3.3.*, <4"
files = [
    {file = "urllib3-1.24.2-py2.py3-none-any.whl", hash = "sha256:4c291ca23bbb55c76518905869ef34bdd5f0e46af7afe6861e8375643ffee1a0"},
    {file = "urllib3-1.24.2.tar.gz", hash = "sha256:9a247273df709c4fedb38c711e44292304f73f39ab01beda9f6b9fc375669ac3"},
]

[package.extras]
secure = ["certifi", "cryptography (>=1.3.4)", "idna (>=2.0.0)", "ipaddress", "pyOpenSSL (>=0.14)"]
socks = ["PySocks (>=1.5.6,!=1.5.7,<2.0)"]

[metadata]
lock-version = "2.0"
python-versions = "^3.11"
content-hash = "ff1f9dda1afbf11da6b022f763c29cc7bd8b47ec801b54d6ede0a9593ab647cd"
